
Microsoft Visual Studio Solution File, Format Version 12.00
# Visual Studio Version 17
VisualStudioVersion = 17.3.32901.215
MinimumVisualStudioVersion = 10.0.40219.1
Project("{888888A0-9F3D-457C-B088-3A5042F75D52}") = "Telegram Bot", "Telegram Bot\Telegram Bot.pyproj", "{AF576AB1-8FCA-484A-8AD6-8FB0E386AA33}"
EndProject
Global
	GlobalSection(SolutionConfigurationPlatforms) = preSolution
		Debug|Any CPU = Debug|Any CPU
		Release|Any CPU = Release|Any CPU
	EndGlobalSection
	GlobalSection(ProjectConfigurationPlatforms) = postSolution
		{AF576AB1-8FCA-484A-8AD6-8FB0E386AA33}.Debug|Any CPU.ActiveCfg = Debug|Any CPU
		{AF576AB1-8FCA-484A-8AD6-8FB0E386AA33}.Release|Any CPU.ActiveCfg = Release|Any CPU
	EndGlobalSection
	GlobalSection(SolutionProperties) = preSolution
		HideSolutionNode = FALSE
	EndGlobalSection
	GlobalSection(ExtensibilityGlobals) = postSolution
		SolutionGuid = {20B003B4-F2F9-45B4-BACB-31D185890819}
	EndGlobalSection
EndGlobal
